// !$*UTF8*$!
{
	archiveVersion = 1;
	classes = {
	};
	objectVersion = 55;
	objects = {

/* Begin PBXBuildFile section */
		6E41DFB42A6E295B00B00382 /* ThinkingDataCore.h in Headers */ = {isa = PBXBuildFile; fileRef = 6E41DFB32A6E295B00B00382 /* ThinkingDataCore.h */; settings = {ATTRIBUTES = (Public, ); }; };
		6EB7ACB62A6E36F700607E45 /* TDJSONUtil.h in Headers */ = {isa = PBXBuildFile; fileRef = 6EB7AC962A6E36F700607E45 /* TDJSONUtil.h */; settings = {ATTRIBUTES = (Public, ); }; };
		6EB7ACB72A6E36F700607E45 /* NSData+TDGzip.m in Sources */ = {isa = PBXBuildFile; fileRef = 6EB7AC992A6E36F700607E45 /* NSData+TDGzip.m */; };
		6EB7ACB82A6E36F700607E45 /* NSData+TDGzip.h in Headers */ = {isa = PBXBuildFile; fileRef = 6EB7AC9A2A6E36F700607E45 /* NSData+TDGzip.h */; settings = {ATTRIBUTES = (Public, ); }; };
		6EB7ACB92A6E36F700607E45 /* .gitkeep in Resources */ = {isa = PBXBuildFile; fileRef = 6EB7AC9B2A6E36F700607E45 /* .gitkeep */; };
		6EB7ACBA2A6E36F700607E45 /* TDNewSwizzle.m in Sources */ = {isa = PBXBuildFile; fileRef = 6EB7AC9D2A6E36F700607E45 /* TDNewSwizzle.m */; };
		6EB7ACBB2A6E36F700607E45 /* TDClassHelper.m in Sources */ = {isa = PBXBuildFile; fileRef = 6EB7AC9E2A6E36F700607E45 /* TDClassHelper.m */; };
		6EB7ACBC2A6E36F700607E45 /* TDMethodHelper.m in Sources */ = {isa = PBXBuildFile; fileRef = 6EB7AC9F2A6E36F700607E45 /* TDMethodHelper.m */; };
		6EB7ACBD2A6E36F700607E45 /* NSObject+TDSwizzle.h in Headers */ = {isa = PBXBuildFile; fileRef = 6EB7ACA12A6E36F700607E45 /* NSObject+TDSwizzle.h */; settings = {ATTRIBUTES = (Public, ); }; };
		6EB7ACBE2A6E36F700607E45 /* TDSwizzler.h in Headers */ = {isa = PBXBuildFile; fileRef = 6EB7ACA22A6E36F700607E45 /* TDSwizzler.h */; settings = {ATTRIBUTES = (Public, ); }; };
		6EB7ACBF2A6E36F700607E45 /* NSObject+TDSwizzle.m in Sources */ = {isa = PBXBuildFile; fileRef = 6EB7ACA32A6E36F700607E45 /* NSObject+TDSwizzle.m */; };
		6EB7ACC02A6E36F700607E45 /* TDSwizzler.m in Sources */ = {isa = PBXBuildFile; fileRef = 6EB7ACA42A6E36F700607E45 /* TDSwizzler.m */; };
		6EB7ACC12A6E36F700607E45 /* TDNewSwizzle.h in Headers */ = {isa = PBXBuildFile; fileRef = 6EB7ACA52A6E36F700607E45 /* TDNewSwizzle.h */; settings = {ATTRIBUTES = (Public, ); }; };
		6EB7ACC22A6E36F700607E45 /* TDClassHelper.h in Headers */ = {isa = PBXBuildFile; fileRef = 6EB7ACA62A6E36F700607E45 /* TDClassHelper.h */; settings = {ATTRIBUTES = (Public, ); }; };
		6EB7ACC32A6E36F700607E45 /* TDMethodHelper.h in Headers */ = {isa = PBXBuildFile; fileRef = 6EB7ACA72A6E36F700607E45 /* TDMethodHelper.h */; settings = {ATTRIBUTES = (Public, ); }; };
		6EB7ACC42A6E36F700607E45 /* TDJSONUtil.m in Sources */ = {isa = PBXBuildFile; fileRef = 6EB7ACA82A6E36F700607E45 /* TDJSONUtil.m */; };
		6EB7ACC52A6E36F700607E45 /* TARouter.m in Sources */ = {isa = PBXBuildFile; fileRef = 6EB7ACAA2A6E36F700607E45 /* TARouter.m */; };
		6EB7ACC62A6E36F700607E45 /* TAAnnotation.h in Headers */ = {isa = PBXBuildFile; fileRef = 6EB7ACAB2A6E36F700607E45 /* TAAnnotation.h */; settings = {ATTRIBUTES = (Public, ); }; };
		6EB7ACC72A6E36F700607E45 /* TAContext.h in Headers */ = {isa = PBXBuildFile; fileRef = 6EB7ACAC2A6E36F700607E45 /* TAContext.h */; settings = {ATTRIBUTES = (Public, ); }; };
		6EB7ACC82A6E36F700607E45 /* TAServiceManager.h in Headers */ = {isa = PBXBuildFile; fileRef = 6EB7ACAD2A6E36F700607E45 /* TAServiceManager.h */; settings = {ATTRIBUTES = (Public, ); }; };
		6EB7ACC92A6E36F700607E45 /* TAModuleProtocol.h in Headers */ = {isa = PBXBuildFile; fileRef = 6EB7ACAE2A6E36F700607E45 /* TAModuleProtocol.h */; settings = {ATTRIBUTES = (Public, ); }; };
		6EB7ACCA2A6E36F700607E45 /* TAModuleManager.h in Headers */ = {isa = PBXBuildFile; fileRef = 6EB7ACAF2A6E36F700607E45 /* TAModuleManager.h */; settings = {ATTRIBUTES = (Public, ); }; };
		6EB7ACCB2A6E36F700607E45 /* TAAnnotation.m in Sources */ = {isa = PBXBuildFile; fileRef = 6EB7ACB02A6E36F700607E45 /* TAAnnotation.m */; };
		6EB7ACCC2A6E36F700607E45 /* TARouter.h in Headers */ = {isa = PBXBuildFile; fileRef = 6EB7ACB12A6E36F700607E45 /* TARouter.h */; settings = {ATTRIBUTES = (Public, ); }; };
		6EB7ACCD2A6E36F700607E45 /* TAServiceProtocol.h in Headers */ = {isa = PBXBuildFile; fileRef = 6EB7ACB22A6E36F700607E45 /* TAServiceProtocol.h */; settings = {ATTRIBUTES = (Public, ); }; };
		6EB7ACCE2A6E36F700607E45 /* TAContext.m in Sources */ = {isa = PBXBuildFile; fileRef = 6EB7ACB32A6E36F700607E45 /* TAContext.m */; };
		6EB7ACCF2A6E36F700607E45 /* TAServiceManager.m in Sources */ = {isa = PBXBuildFile; fileRef = 6EB7ACB42A6E36F700607E45 /* TAServiceManager.m */; };
		6EB7ACD02A6E36F700607E45 /* TAModuleManager.m in Sources */ = {isa = PBXBuildFile; fileRef = 6EB7ACB52A6E36F700607E45 /* TAModuleManager.m */; };
/* End PBXBuildFile section */

/* Begin PBXFileReference section */
		6E41DFB02A6E295B00B00382 /* ThinkingDataCore.framework */ = {isa = PBXFileReference; explicitFileType = wrapper.framework; includeInIndex = 0; path = ThinkingDataCore.framework; sourceTree = BUILT_PRODUCTS_DIR; };
		6E41DFB32A6E295B00B00382 /* ThinkingDataCore.h */ = {isa = PBXFileReference; lastKnownFileType = sourcecode.c.h; path = ThinkingDataCore.h; sourceTree = "<group>"; };
		6EB7AC962A6E36F700607E45 /* TDJSONUtil.h */ = {isa = PBXFileReference; fileEncoding = 4; lastKnownFileType = sourcecode.c.h; path = TDJSONUtil.h; sourceTree = "<group>"; };
		6EB7AC992A6E36F700607E45 /* NSData+TDGzip.m */ = {isa = PBXFileReference; fileEncoding = 4; lastKnownFileType = sourcecode.c.objc; path = "NSData+TDGzip.m"; sourceTree = "<group>"; };
		6EB7AC9A2A6E36F700607E45 /* NSData+TDGzip.h */ = {isa = PBXFileReference; fileEncoding = 4; lastKnownFileType = sourcecode.c.h; path = "NSData+TDGzip.h"; sourceTree = "<group>"; };
		6EB7AC9B2A6E36F700607E45 /* .gitkeep */ = {isa = PBXFileReference; fileEncoding = 4; lastKnownFileType = text; path = .gitkeep; sourceTree = "<group>"; };
		6EB7AC9D2A6E36F700607E45 /* TDNewSwizzle.m */ = {isa = PBXFileReference; fileEncoding = 4; lastKnownFileType = sourcecode.c.objc; path = TDNewSwizzle.m; sourceTree = "<group>"; };
		6EB7AC9E2A6E36F700607E45 /* TDClassHelper.m */ = {isa = PBXFileReference; fileEncoding = 4; lastKnownFileType = sourcecode.c.objc; path = TDClassHelper.m; sourceTree = "<group>"; };
		6EB7AC9F2A6E36F700607E45 /* TDMethodHelper.m */ = {isa = PBXFileReference; fileEncoding = 4; lastKnownFileType = sourcecode.c.objc; path = TDMethodHelper.m; sourceTree = "<group>"; };
		6EB7ACA12A6E36F700607E45 /* NSObject+TDSwizzle.h */ = {isa = PBXFileReference; fileEncoding = 4; lastKnownFileType = sourcecode.c.h; path = "NSObject+TDSwizzle.h"; sourceTree = "<group>"; };
		6EB7ACA22A6E36F700607E45 /* TDSwizzler.h */ = {isa = PBXFileReference; fileEncoding = 4; lastKnownFileType = sourcecode.c.h; path = TDSwizzler.h; sourceTree = "<group>"; };
		6EB7ACA32A6E36F700607E45 /* NSObject+TDSwizzle.m */ = {isa = PBXFileReference; fileEncoding = 4; lastKnownFileType = sourcecode.c.objc; path = "NSObject+TDSwizzle.m"; sourceTree = "<group>"; };
		6EB7ACA42A6E36F700607E45 /* TDSwizzler.m */ = {isa = PBXFileReference; fileEncoding = 4; lastKnownFileType = sourcecode.c.objc; path = TDSwizzler.m; sourceTree = "<group>"; };
		6EB7ACA52A6E36F700607E45 /* TDNewSwizzle.h */ = {isa = PBXFileReference; fileEncoding = 4; lastKnownFileType = sourcecode.c.h; path = TDNewSwizzle.h; sourceTree = "<group>"; };
		6EB7ACA62A6E36F700607E45 /* TDClassHelper.h */ = {isa = PBXFileReference; fileEncoding = 4; lastKnownFileType = sourcecode.c.h; path = TDClassHelper.h; sourceTree = "<group>"; };
		6EB7ACA72A6E36F700607E45 /* TDMethodHelper.h */ = {isa = PBXFileReference; fileEncoding = 4; lastKnownFileType = sourcecode.c.h; path = TDMethodHelper.h; sourceTree = "<group>"; };
		6EB7ACA82A6E36F700607E45 /* TDJSONUtil.m */ = {isa = PBXFileReference; fileEncoding = 4; lastKnownFileType = sourcecode.c.objc; path = TDJSONUtil.m; sourceTree = "<group>"; };
		6EB7ACAA2A6E36F700607E45 /* TARouter.m */ = {isa = PBXFileReference; fileEncoding = 4; lastKnownFileType = sourcecode.c.objc; path = TARouter.m; sourceTree = "<group>"; };
		6EB7ACAB2A6E36F700607E45 /* TAAnnotation.h */ = {isa = PBXFileReference; fileEncoding = 4; lastKnownFileType = sourcecode.c.h; path = TAAnnotation.h; sourceTree = "<group>"; };
		6EB7ACAC2A6E36F700607E45 /* TAContext.h */ = {isa = PBXFileReference; fileEncoding = 4; lastKnownFileType = sourcecode.c.h; path = TAContext.h; sourceTree = "<group>"; };
		6EB7ACAD2A6E36F700607E45 /* TAServiceManager.h */ = {isa = PBXFileReference; fileEncoding = 4; lastKnownFileType = sourcecode.c.h; path = TAServiceManager.h; sourceTree = "<group>"; };
		6EB7ACAE2A6E36F700607E45 /* TAModuleProtocol.h */ = {isa = PBXFileReference; fileEncoding = 4; lastKnownFileType = sourcecode.c.h; path = TAModuleProtocol.h; sourceTree = "<group>"; };
		6EB7ACAF2A6E36F700607E45 /* TAModuleManager.h */ = {isa = PBXFileReference; fileEncoding = 4; lastKnownFileType = sourcecode.c.h; path = TAModuleManager.h; sourceTree = "<group>"; };
		6EB7ACB02A6E36F700607E45 /* TAAnnotation.m */ = {isa = PBXFileReference; fileEncoding = 4; lastKnownFileType = sourcecode.c.objc; path = TAAnnotation.m; sourceTree = "<group>"; };
		6EB7ACB12A6E36F700607E45 /* TARouter.h */ = {isa = PBXFileReference; fileEncoding = 4; lastKnownFileType = sourcecode.c.h; path = TARouter.h; sourceTree = "<group>"; };
		6EB7ACB22A6E36F700607E45 /* TAServiceProtocol.h */ = {isa = PBXFileReference; fileEncoding = 4; lastKnownFileType = sourcecode.c.h; path = TAServiceProtocol.h; sourceTree = "<group>"; };
		6EB7ACB32A6E36F700607E45 /* TAContext.m */ = {isa = PBXFileReference; fileEncoding = 4; lastKnownFileType = sourcecode.c.objc; path = TAContext.m; sourceTree = "<group>"; };
		6EB7ACB42A6E36F700607E45 /* TAServiceManager.m */ = {isa = PBXFileReference; fileEncoding = 4; lastKnownFileType = sourcecode.c.objc; path = TAServiceManager.m; sourceTree = "<group>"; };
		6EB7ACB52A6E36F700607E45 /* TAModuleManager.m */ = {isa = PBXFileReference; fileEncoding = 4; lastKnownFileType = sourcecode.c.objc; path = TAModuleManager.m; sourceTree = "<group>"; };
/* End PBXFileReference section */

/* Begin PBXFrameworksBuildPhase section */
		6E41DFAD2A6E295B00B00382 /* Frameworks */ = {
			isa = PBXFrameworksBuildPhase;
			buildActionMask = 2147483647;
			files = (
			);
			runOnlyForDeploymentPostprocessing = 0;
		};
/* End PBXFrameworksBuildPhase section */

/* Begin PBXGroup section */
		6E41DFA62A6E295B00B00382 = {
			isa = PBXGroup;
			children = (
				6E41DFB22A6E295B00B00382 /* ThinkingDataCore */,
				6E41DFB12A6E295B00B00382 /* Products */,
			);
			sourceTree = "<group>";
		};
		6E41DFB12A6E295B00B00382 /* Products */ = {
			isa = PBXGroup;
			children = (
				6E41DFB02A6E295B00B00382 /* ThinkingDataCore.framework */,
			);
			name = Products;
			sourceTree = "<group>";
		};
		6E41DFB22A6E295B00B00382 /* ThinkingDataCore */ = {
			isa = PBXGroup;
			children = (
				6EB7AC952A6E36F700607E45 /* Classes */,
				6E41DFB32A6E295B00B00382 /* ThinkingDataCore.h */,
			);
			path = ThinkingDataCore;
			sourceTree = "<group>";
		};
		6EB7AC952A6E36F700607E45 /* Classes */ = {
			isa = PBXGroup;
			children = (
				6EB7AC962A6E36F700607E45 /* TDJSONUtil.h */,
				6EB7AC972A6E36F700607E45 /* Category */,
				6EB7AC9B2A6E36F700607E45 /* .gitkeep */,
				6EB7AC9C2A6E36F700607E45 /* TDRuntime */,
				6EB7ACA82A6E36F700607E45 /* TDJSONUtil.m */,
				6EB7ACA92A6E36F700607E45 /* Router */,
			);
			name = Classes;
			path = ../../ThinkingDataCore/Classes;
			sourceTree = "<group>";
		};
		6EB7AC972A6E36F700607E45 /* Category */ = {
			isa = PBXGroup;
			children = (
				6EB7AC982A6E36F700607E45 /* NSData */,
			);
			path = Category;
			sourceTree = "<group>";
		};
		6EB7AC982A6E36F700607E45 /* NSData */ = {
			isa = PBXGroup;
			children = (
				6EB7AC992A6E36F700607E45 /* NSData+TDGzip.m */,
				6EB7AC9A2A6E36F700607E45 /* NSData+TDGzip.h */,
			);
			path = NSData;
			sourceTree = "<group>";
		};
		6EB7AC9C2A6E36F700607E45 /* TDRuntime */ = {
			isa = PBXGroup;
			children = (
				6EB7AC9D2A6E36F700607E45 /* TDNewSwizzle.m */,
				6EB7AC9E2A6E36F700607E45 /* TDClassHelper.m */,
				6EB7AC9F2A6E36F700607E45 /* TDMethodHelper.m */,
				6EB7ACA02A6E36F700607E45 /* Swizzle */,
				6EB7ACA52A6E36F700607E45 /* TDNewSwizzle.h */,
				6EB7ACA62A6E36F700607E45 /* TDClassHelper.h */,
				6EB7ACA72A6E36F700607E45 /* TDMethodHelper.h */,
			);
			path = TDRuntime;
			sourceTree = "<group>";
		};
		6EB7ACA02A6E36F700607E45 /* Swizzle */ = {
			isa = PBXGroup;
			children = (
				6EB7ACA12A6E36F700607E45 /* NSObject+TDSwizzle.h */,
				6EB7ACA22A6E36F700607E45 /* TDSwizzler.h */,
				6EB7ACA32A6E36F700607E45 /* NSObject+TDSwizzle.m */,
				6EB7ACA42A6E36F700607E45 /* TDSwizzler.m */,
			);
			path = Swizzle;
			sourceTree = "<group>";
		};
		6EB7ACA92A6E36F700607E45 /* Router */ = {
			isa = PBXGroup;
			children = (
				6EB7ACAA2A6E36F700607E45 /* TARouter.m */,
				6EB7ACAB2A6E36F700607E45 /* TAAnnotation.h */,
				6EB7ACAC2A6E36F700607E45 /* TAContext.h */,
				6EB7ACAD2A6E36F700607E45 /* TAServiceManager.h */,
				6EB7ACAE2A6E36F700607E45 /* TAModuleProtocol.h */,
				6EB7ACAF2A6E36F700607E45 /* TAModuleManager.h */,
				6EB7ACB02A6E36F700607E45 /* TAAnnotation.m */,
				6EB7ACB12A6E36F700607E45 /* TARouter.h */,
				6EB7ACB22A6E36F700607E45 /* TAServiceProtocol.h */,
				6EB7ACB32A6E36F700607E45 /* TAContext.m */,
				6EB7ACB42A6E36F700607E45 /* TAServiceManager.m */,
				6EB7ACB52A6E36F700607E45 /* TAModuleManager.m */,
			);
			path = Router;
			sourceTree = "<group>";
		};
/* End PBXGroup section */

/* Begin PBXHeadersBuildPhase section */
		6E41DFAB2A6E295B00B00382 /* Headers */ = {
			isa = PBXHeadersBuildPhase;
			buildActionMask = 2147483647;
			files = (
				6EB7ACCC2A6E36F700607E45 /* TARouter.h in Headers */,
				6EB7ACC62A6E36F700607E45 /* TAAnnotation.h in Headers */,
				6EB7ACC92A6E36F700607E45 /* TAModuleProtocol.h in Headers */,
				6EB7ACCD2A6E36F700607E45 /* TAServiceProtocol.h in Headers */,
				6EB7ACC82A6E36F700607E45 /* TAServiceManager.h in Headers */,
				6EB7ACC22A6E36F700607E45 /* TDClassHelper.h in Headers */,
				6EB7ACC12A6E36F700607E45 /* TDNewSwizzle.h in Headers */,
				6EB7ACBE2A6E36F700607E45 /* TDSwizzler.h in Headers */,
				6EB7ACB62A6E36F700607E45 /* TDJSONUtil.h in Headers */,
				6EB7ACC72A6E36F700607E45 /* TAContext.h in Headers */,
				6EB7ACBD2A6E36F700607E45 /* NSObject+TDSwizzle.h in Headers */,
				6E41DFB42A6E295B00B00382 /* ThinkingDataCore.h in Headers */,
				6EB7ACB82A6E36F700607E45 /* NSData+TDGzip.h in Headers */,
				6EB7ACCA2A6E36F700607E45 /* TAModuleManager.h in Headers */,
				6EB7ACC32A6E36F700607E45 /* TDMethodHelper.h in Headers */,
			);
			runOnlyForDeploymentPostprocessing = 0;
		};
/* End PBXHeadersBuildPhase section */

/* Begin PBXNativeTarget section */
		6E41DFAF2A6E295B00B00382 /* ThinkingDataCore */ = {
			isa = PBXNativeTarget;
			buildConfigurationList = 6E41DFB72A6E295B00B00382 /* Build configuration list for PBXNativeTarget "ThinkingDataCore" */;
			buildPhases = (
				6E41DFAB2A6E295B00B00382 /* Headers */,
				6E41DFAC2A6E295B00B00382 /* Sources */,
				6E41DFAD2A6E295B00B00382 /* Frameworks */,
				6E41DFAE2A6E295B00B00382 /* Resources */,
			);
			buildRules = (
			);
			dependencies = (
			);
			name = ThinkingDataCore;
			productName = ThinkingDataCore;
			productReference = 6E41DFB02A6E295B00B00382 /* ThinkingDataCore.framework */;
			productType = "com.apple.product-type.framework";
		};
/* End PBXNativeTarget section */

/* Begin PBXProject section */
		6E41DFA72A6E295B00B00382 /* Project object */ = {
			isa = PBXProject;
			attributes = {
				BuildIndependentTargetsInParallel = 1;
				LastUpgradeCheck = 1340;
				TargetAttributes = {
					6E41DFAF2A6E295B00B00382 = {
						CreatedOnToolsVersion = 13.4.1;
					};
				};
			};
			buildConfigurationList = 6E41DFAA2A6E295B00B00382 /* Build configuration list for PBXProject "ThinkingDataCore" */;
			compatibilityVersion = "Xcode 13.0";
			developmentRegion = en;
			hasScannedForEncodings = 0;
			knownRegions = (
				en,
				Base,
			);
			mainGroup = 6E41DFA62A6E295B00B00382;
			productRefGroup = 6E41DFA62A6E295B00B00382;
			projectDirPath = "";
			projectRoot = "";
			targets = (
				6E41DFAF2A6E295B00B00382 /* ThinkingDataCore */,
			);
		};
/* End PBXProject section */

/* Begin PBXResourcesBuildPhase section */
		6E41DFAE2A6E295B00B00382 /* Resources */ = {
			isa = PBXResourcesBuildPhase;
			buildActionMask = 2147483647;
			files = (
				6EB7ACB92A6E36F700607E45 /* .gitkeep in Resources */,
			);
			runOnlyForDeploymentPostprocessing = 0;
		};
/* End PBXResourcesBuildPhase section */

/* Begin PBXSourcesBuildPhase section */
		6E41DFAC2A6E295B00B00382 /* Sources */ = {
			isa = PBXSourcesBuildPhase;
			buildActionMask = 2147483647;
			files = (
				6EB7ACCE2A6E36F700607E45 /* TAContext.m in Sources */,
				6EB7ACBF2A6E36F700607E45 /* NSObject+TDSwizzle.m in Sources */,
				6EB7ACD02A6E36F700607E45 /* TAModuleManager.m in Sources */,
				6EB7ACC02A6E36F700607E45 /* TDSwizzler.m in Sources */,
				6EB7ACBC2A6E36F700607E45 /* TDMethodHelper.m in Sources */,
				6EB7ACC52A6E36F700607E45 /* TARouter.m in Sources */,
				6EB7ACB72A6E36F700607E45 /* NSData+TDGzip.m in Sources */,
				6EB7ACBA2A6E36F700607E45 /* TDNewSwizzle.m in Sources */,
				6EB7ACBB2A6E36F700607E45 /* TDClassHelper.m in Sources */,
				6EB7ACCB2A6E36F700607E45 /* TAAnnotation.m in Sources */,
				6EB7ACC42A6E36F700607E45 /* TDJSONUtil.m in Sources */,
				6EB7ACCF2A6E36F700607E45 /* TAServiceManager.m in Sources */,
			);
			runOnlyForDeploymentPostprocessing = 0;
		};
/* End PBXSourcesBuildPhase section */

/* Begin XCBuildConfiguration section */
		6E41DFB52A6E295B00B00382 /* Debug */ = {
			isa = XCBuildConfiguration;
			buildSettings = {
				ALWAYS_SEARCH_USER_PATHS = NO;
				CLANG_ANALYZER_NONNULL = YES;
				CLANG_ANALYZER_NUMBER_OBJECT_CONVERSION = YES_AGGRESSIVE;
				CLANG_CXX_LANGUAGE_STANDARD = "gnu++17";
				CLANG_ENABLE_MODULES = YES;
				CLANG_ENABLE_OBJC_ARC = YES;
				CLANG_ENABLE_OBJC_WEAK = YES;
				CLANG_WARN_BLOCK_CAPTURE_AUTORELEASING = YES;
				CLANG_WARN_BOOL_CONVERSION = YES;
				CLANG_WARN_COMMA = YES;
				CLANG_WARN_CONSTANT_CONVERSION = YES;
				CLANG_WARN_DEPRECATED_OBJC_IMPLEMENTATIONS = YES;
				CLANG_WARN_DIRECT_OBJC_ISA_USAGE = YES_ERROR;
				CLANG_WARN_DOCUMENTATION_COMMENTS = YES;
				CLANG_WARN_EMPTY_BODY = YES;
				CLANG_WARN_ENUM_CONVERSION = YES;
				CLANG_WARN_INFINITE_RECURSION = YES;
				CLANG_WARN_INT_CONVERSION = YES;
				CLANG_WARN_NON_LITERAL_NULL_CONVERSION = YES;
				CLANG_WARN_OBJC_IMPLICIT_RETAIN_SELF = YES;
				CLANG_WARN_OBJC_LITERAL_CONVERSION = YES;
				CLANG_WARN_OBJC_ROOT_CLASS = YES_ERROR;
				CLANG_WARN_QUOTED_INCLUDE_IN_FRAMEWORK_HEADER = YES;
				CLANG_WARN_RANGE_LOOP_ANALYSIS = YES;
				CLANG_WARN_STRICT_PROTOTYPES = YES;
				CLANG_WARN_SUSPICIOUS_MOVE = YES;
				CLANG_WARN_UNGUARDED_AVAILABILITY = YES_AGGRESSIVE;
				CLANG_WARN_UNREACHABLE_CODE = YES;
				CLANG_WARN__DUPLICATE_METHOD_MATCH = YES;
				COPY_PHASE_STRIP = NO;
				CURRENT_PROJECT_VERSION = 1;
				DEAD_CODE_STRIPPING = NO;
				DEBUG_INFORMATION_FORMAT = dwarf;
				ENABLE_STRICT_OBJC_MSGSEND = YES;
				ENABLE_TESTABILITY = YES;
				GCC_C_LANGUAGE_STANDARD = gnu11;
				GCC_DYNAMIC_NO_PIC = NO;
				GCC_NO_COMMON_BLOCKS = YES;
				GCC_OPTIMIZATION_LEVEL = 0;
				GCC_PREPROCESSOR_DEFINITIONS = (
					"DEBUG=1",
					"$(inherited)",
				);
				GCC_WARN_64_TO_32_BIT_CONVERSION = YES;
				GCC_WARN_ABOUT_RETURN_TYPE = YES_ERROR;
				GCC_WARN_UNDECLARED_SELECTOR = YES;
				GCC_WARN_UNINITIALIZED_AUTOS = YES_AGGRESSIVE;
				GCC_WARN_UNUSED_FUNCTION = YES;
				GCC_WARN_UNUSED_VARIABLE = YES;
				IPHONEOS_DEPLOYMENT_TARGET = 9.0;
				MACH_O_TYPE = staticlib;
				MTL_ENABLE_DEBUG_INFO = INCLUDE_SOURCE;
				MTL_FAST_MATH = YES;
				ONLY_ACTIVE_ARCH = YES;
				SDKROOT = iphoneos;
				VERSIONING_SYSTEM = "apple-generic";
				VERSION_INFO_PREFIX = "";
			};
			name = Debug;
		};
		6E41DFB62A6E295B00B00382 /* Release */ = {
			isa = XCBuildConfiguration;
			buildSettings = {
				ALWAYS_SEARCH_USER_PATHS = NO;
				CLANG_ANALYZER_NONNULL = YES;
				CLANG_ANALYZER_NUMBER_OBJECT_CONVERSION = YES_AGGRESSIVE;
				CLANG_CXX_LANGUAGE_STANDARD = "gnu++17";
				CLANG_ENABLE_MODULES = YES;
				CLANG_ENABLE_OBJC_ARC = YES;
				CLANG_ENABLE_OBJC_WEAK = YES;
				CLANG_WARN_BLOCK_CAPTURE_AUTORELEASING = YES;
				CLANG_WARN_BOOL_CONVERSION = YES;
				CLANG_WARN_COMMA = YES;
				CLANG_WARN_CONSTANT_CONVERSION = YES;
				CLANG_WARN_DEPRECATED_OBJC_IMPLEMENTATIONS = YES;
				CLANG_WARN_DIRECT_OBJC_ISA_USAGE = YES_ERROR;
				CLANG_WARN_DOCUMENTATION_COMMENTS = YES;
				CLANG_WARN_EMPTY_BODY = YES;
				CLANG_WARN_ENUM_CONVERSION = YES;
				CLANG_WARN_INFINITE_RECURSION = YES;
				CLANG_WARN_INT_CONVERSION = YES;
				CLANG_WARN_NON_LITERAL_NULL_CONVERSION = YES;
				CLANG_WARN_OBJC_IMPLICIT_RETAIN_SELF = YES;
				CLANG_WARN_OBJC_LITERAL_CONVERSION = YES;
				CLANG_WARN_OBJC_ROOT_CLASS = YES_ERROR;
				CLANG_WARN_QUOTED_INCLUDE_IN_FRAMEWORK_HEADER = YES;
				CLANG_WARN_RANGE_LOOP_ANALYSIS = YES;
				CLANG_WARN_STRICT_PROTOTYPES = YES;
				CLANG_WARN_SUSPICIOUS_MOVE = YES;
				CLANG_WARN_UNGUARDED_AVAILABILITY = YES_AGGRESSIVE;
				CLANG_WARN_UNREACHABLE_CODE = YES;
				CLANG_WARN__DUPLICATE_METHOD_MATCH = YES;
				COPY_PHASE_STRIP = NO;
				CURRENT_PROJECT_VERSION = 1;
				DEAD_CODE_STRIPPING = NO;
				DEBUG_INFORMATION_FORMAT = "dwarf-with-dsym";
				ENABLE_NS_ASSERTIONS = NO;
				ENABLE_STRICT_OBJC_MSGSEND = YES;
				GCC_C_LANGUAGE_STANDARD = gnu11;
				GCC_NO_COMMON_BLOCKS = YES;
				GCC_WARN_64_TO_32_BIT_CONVERSION = YES;
				GCC_WARN_ABOUT_RETURN_TYPE = YES_ERROR;
				GCC_WARN_UNDECLARED_SELECTOR = YES;
				GCC_WARN_UNINITIALIZED_AUTOS = YES_AGGRESSIVE;
				GCC_WARN_UNUSED_FUNCTION = YES;
				GCC_WARN_UNUSED_VARIABLE = YES;
				IPHONEOS_DEPLOYMENT_TARGET = 9.0;
				MACH_O_TYPE = staticlib;
				MTL_ENABLE_DEBUG_INFO = NO;
				MTL_FAST_MATH = YES;
				SDKROOT = iphoneos;
				VALIDATE_PRODUCT = YES;
				VERSIONING_SYSTEM = "apple-generic";
				VERSION_INFO_PREFIX = "";
			};
			name = Release;
		};
		6E41DFB82A6E295B00B00382 /* Debug */ = {
			isa = XCBuildConfiguration;
			buildSettings = {
				CODE_SIGN_STYLE = Manual;
				CURRENT_PROJECT_VERSION = 1.0.0;
				DEFINES_MODULE = YES;
				DEVELOPMENT_TEAM = "";
				DYLIB_COMPATIBILITY_VERSION = 1;
				DYLIB_CURRENT_VERSION = 1;
				DYLIB_INSTALL_NAME_BASE = "@rpath";
				GENERATE_INFOPLIST_FILE = YES;
				INFOPLIST_KEY_NSHumanReadableCopyright = "";
				INSTALL_PATH = "$(LOCAL_LIBRARY_DIR)/Frameworks";
				IPHONEOS_DEPLOYMENT_TARGET = 9.0;
				LD_RUNPATH_SEARCH_PATHS = (
					"$(inherited)",
					"@executable_path/Frameworks",
					"@loader_path/Frameworks",
				);
				MARKETING_VERSION = 1.0;
				PRODUCT_BUNDLE_IDENTIFIER = cn.thinkingdata.ThinkingDataCore;
				PRODUCT_NAME = "$(TARGET_NAME:c99extidentifier)";
				PROVISIONING_PROFILE_SPECIFIER = "";
				"PROVISIONING_PROFILE_SPECIFIER[sdk=macosx*]" = "";
				SKIP_INSTALL = YES;
				SWIFT_EMIT_LOC_STRINGS = YES;
				TARGETED_DEVICE_FAMILY = "1,2";
			};
			name = Debug;
		};
		6E41DFB92A6E295B00B00382 /* Release */ = {
			isa = XCBuildConfiguration;
			buildSettings = {
				CODE_SIGN_STYLE = Manual;
				CURRENT_PROJECT_VERSION = 1.0.0;
				DEFINES_MODULE = YES;
				DEVELOPMENT_TEAM = "";
				DYLIB_COMPATIBILITY_VERSION = 1;
				DYLIB_CURRENT_VERSION = 1;
				DYLIB_INSTALL_NAME_BASE = "@rpath";
				GENERATE_INFOPLIST_FILE = YES;
				INFOPLIST_KEY_NSHumanReadableCopyright = "";
				INSTALL_PATH = "$(LOCAL_LIBRARY_DIR)/Frameworks";
				IPHONEOS_DEPLOYMENT_TARGET = 9.0;
				LD_RUNPATH_SEARCH_PATHS = (
					"$(inherited)",
					"@executable_path/Frameworks",
					"@loader_path/Frameworks",
				);
				MARKETING_VERSION = 1.0;
				PRODUCT_BUNDLE_IDENTIFIER = cn.thinkingdata.ThinkingDataCore;
				PRODUCT_NAME = "$(TARGET_NAME:c99extidentifier)";
				PROVISIONING_PROFILE_SPECIFIER = "";
				"PROVISIONING_PROFILE_SPECIFIER[sdk=macosx*]" = "";
				SKIP_INSTALL = YES;
				SWIFT_EMIT_LOC_STRINGS = YES;
				TARGETED_DEVICE_FAMILY = "1,2";
			};
			name = Release;
		};
/* End XCBuildConfiguration section */

/* Begin XCConfigurationList section */
		6E41DFAA2A6E295B00B00382 /* Build configuration list for PBXProject "ThinkingDataCore" */ = {
			isa = XCConfigurationList;
			buildConfigurations = (
				6E41DFB52A6E295B00B00382 /* Debug */,
				6E41DFB62A6E295B00B00382 /* Release */,
			);
			defaultConfigurationIsVisible = 0;
			defaultConfigurationName = Release;
		};
		6E41DFB72A6E295B00B00382 /* Build configuration list for PBXNativeTarget "ThinkingDataCore" */ = {
			isa = XCConfigurationList;
			buildConfigurations = (
				6E41DFB82A6E295B00B00382 /* Debug */,
				6E41DFB92A6E295B00B00382 /* Release */,
			);
			defaultConfigurationIsVisible = 0;
			defaultConfigurationName = Release;
		};
/* End XCConfigurationList section */
	};
	rootObject = 6E41DFA72A6E295B00B00382 /* Project object */;
}
