PODS:
  - ThinkingDataCore (1.2.3):
    - ThinkingDataCore/Main (= 1.2.3)
  - ThinkingDataCore/iOS (1.2.3)
  - ThinkingDataCore/Main (1.2.3):
    - ThinkingDataCore/iOS
    - ThinkingDataCore/OSX
    - ThinkingDataCore/tvOS
    - ThinkingDataCore/versionOS
    - ThinkingDataCore/watchOS

DEPENDENCIES:
  - ThinkingDataCore (from `../../`)

EXTERNAL SOURCES:
  ThinkingDataCore:
    :path: "../../"

SPEC CHECKSUMS:
  ThinkingDataCore: d6096050c4473df9a59c018a48f69572ce0069b4

PODFILE CHECKSUM: 67a3207ff516f6650981c7bec7032ebe53323d4b

COCOAPODS: 1.16.2
