PODS:
  - ThinkingDataCore (1.0.0):
    - ThinkingDataCore/Main (= 1.0.0)
  - ThinkingDataCore/iOS (1.0.0)
  - ThinkingDataCore/Main (1.0.0):
    - ThinkingDataCore/iOS
    - ThinkingDataCore/OSX

DEPENDENCIES:
  - ThinkingDataCore (from `../../`)

EXTERNAL SOURCES:
  ThinkingDataCore:
    :path: "../../"

SPEC CHECKSUMS:
  ThinkingDataCore: bbddbbb34d9fcee5ba6d92886a11c91f2f25cdfa

PODFILE CHECKSUM: 67a3207ff516f6650981c7bec7032ebe53323d4b

COCOAPODS: 1.12.1
