PODS:
  - ThinkingDataCore (1.1.0):
    - ThinkingDataCore/Main (= 1.1.0)
  - ThinkingDataCore/Main (1.1.0):
    - ThinkingDataCore/iOS
    - ThinkingDataCore/OSX
  - ThinkingDataCore/OSX (1.1.0)

DEPENDENCIES:
  - ThinkingDataCore (from `../../`)

EXTERNAL SOURCES:
  ThinkingDataCore:
    :path: "../../"

SPEC CHECKSUMS:
  ThinkingDataCore: 95b17863c31f70c0db600a5019ffb70a76613e5f

PODFILE CHECKSUM: 5312b7c2ec0ecaebd843ea9071feadd2145026a6

COCOAPODS: 1.15.2
