PODS:
  - ThinkingDataCore (1.0.0):
    - ThinkingDataCore/Main (= 1.0.0)
  - ThinkingDataCore/Main (1.0.0):
    - ThinkingDataCore/iOS
    - ThinkingDataCore/OSX
  - ThinkingDataCore/OSX (1.0.0)

DEPENDENCIES:
  - ThinkingDataCore (from `../../`)

EXTERNAL SOURCES:
  ThinkingDataCore:
    :path: "../../"

SPEC CHECKSUMS:
  ThinkingDataCore: bbddbbb34d9fcee5ba6d92886a11c91f2f25cdfa

PODFILE CHECKSUM: 5312b7c2ec0ecaebd843ea9071feadd2145026a6

COCOAPODS: 1.12.1
