PODS:
  - ThinkingDataCore (1.0.0):
    - ThinkingDataCore/Main (= 1.0.0)
  - ThinkingDataCore/Main (1.0.0):
    - ThinkingDataCore/iOS
    - ThinkingDataCore/OSX
  - ThinkingDataCore/OSX (1.0.0)

DEPENDENCIES:
  - ThinkingDataCore (from `../../`)

EXTERNAL SOURCES:
  ThinkingDataCore:
    :path: "../../"

SPEC CHECKSUMS:
  ThinkingDataCore: 69c0f90622e2031a36d6a0b44a9ef0e0ad10a986

PODFILE CHECKSUM: 5312b7c2ec0ecaebd843ea9071feadd2145026a6

COCOAPODS: 1.12.1
